
Microsoft Visual Studio Solution File, Format Version 12.00
# Visual Studio Version 16
VisualStudioVersion = 16.0.32802.440
MinimumVisualStudioVersion = 10.0.40219.1
Project("{FAE04EC0-301F-11D3-BF4B-00C04F79EFBC}") = "WebApplication1_AJAX", "WebApplication1_AJAX\WebApplication1_AJAX.csproj", "{A3B9C2B5-793C-4C3A-8747-D00998125C0D}"
EndProject
Global
	GlobalSection(SolutionConfigurationPlatforms) = preSolution
		Debug|Any CPU = Debug|Any CPU
		Release|Any CPU = Release|Any CPU
	EndGlobalSection
	GlobalSection(ProjectConfigurationPlatforms) = postSolution
		{A3B9C2B5-793C-4C3A-8747-D00998125C0D}.Debug|Any CPU.ActiveCfg = Debug|Any CPU
		{A3B9C2B5-793C-4C3A-8747-D00998125C0D}.Debug|Any CPU.Build.0 = Debug|Any CPU
		{A3B9C2B5-793C-4C3A-8747-D00998125C0D}.Release|Any CPU.ActiveCfg = Release|Any CPU
		{A3B9C2B5-793C-4C3A-8747-D00998125C0D}.Release|Any CPU.Build.0 = Release|Any CPU
	EndGlobalSection
	GlobalSection(SolutionProperties) = preSolution
		HideSolutionNode = FALSE
	EndGlobalSection
	GlobalSection(ExtensibilityGlobals) = postSolution
		SolutionGuid = {72065A01-13A8-4CE0-9311-79D1810E8170}
	EndGlobalSection
EndGlobal
